
Microsoft Visual Studio Solution File, Format Version 12.00
# Visual Studio Version 17
VisualStudioVersion = 17.8.34525.116
MinimumVisualStudioVersion = 10.0.40219.1
Project("{FAE04EC0-301F-11D3-BF4B-00C04F79EFBC}") = "S3-L5", "S3-L5.csproj", "{298A69B1-F6D8-4C47-9AAA-2BD6AA327829}"
EndProject
Global
	GlobalSection(SolutionConfigurationPlatforms) = preSolution
		Debug|Any CPU = Debug|Any CPU
		Release|Any CPU = Release|Any CPU
	EndGlobalSection
	GlobalSection(ProjectConfigurationPlatforms) = postSolution
		{298A69B1-F6D8-4C47-9AAA-2BD6AA327829}.Debug|Any CPU.ActiveCfg = Debug|Any CPU
		{298A69B1-F6D8-4C47-9AAA-2BD6AA327829}.Debug|Any CPU.Build.0 = Debug|Any CPU
		{298A69B1-F6D8-4C47-9AAA-2BD6AA327829}.Release|Any CPU.ActiveCfg = Release|Any CPU
		{298A69B1-F6D8-4C47-9AAA-2BD6AA327829}.Release|Any CPU.Build.0 = Release|Any CPU
	EndGlobalSection
	GlobalSection(SolutionProperties) = preSolution
		HideSolutionNode = FALSE
	EndGlobalSection
	GlobalSection(ExtensibilityGlobals) = postSolution
		SolutionGuid = {7B09EEB3-41BA-4336-A908-31EACBA7FB64}
	EndGlobalSection
EndGlobal
